
Microsoft Visual Studio Solution File, Format Version 12.00
# Visual Studio 15
VisualStudioVersion = 15.0.27130.2027
MinimumVisualStudioVersion = 10.0.40219.1
Project("{FAE04EC0-301F-11D3-BF4B-00C04F79EFBC}") = "Serhiienko_4", "Serhiienko_4\Serhiienko_4.csproj", "{357F32E6-65E3-423D-84E4-118DCC222B1E}"
EndProject
Global
	GlobalSection(SolutionConfigurationPlatforms) = preSolution
		Debug|Any CPU = Debug|Any CPU
		Release|Any CPU = Release|Any CPU
	EndGlobalSection
	GlobalSection(ProjectConfigurationPlatforms) = postSolution
		{357F32E6-65E3-423D-84E4-118DCC222B1E}.Debug|Any CPU.ActiveCfg = Debug|Any CPU
		{357F32E6-65E3-423D-84E4-118DCC222B1E}.Debug|Any CPU.Build.0 = Debug|Any CPU
		{357F32E6-65E3-423D-84E4-118DCC222B1E}.Release|Any CPU.ActiveCfg = Release|Any CPU
		{357F32E6-65E3-423D-84E4-118DCC222B1E}.Release|Any CPU.Build.0 = Release|Any CPU
	EndGlobalSection
	GlobalSection(SolutionProperties) = preSolution
		HideSolutionNode = FALSE
	EndGlobalSection
	GlobalSection(ExtensibilityGlobals) = postSolution
		SolutionGuid = {3426B84F-4474-40D9-BA85-4BF18AFEB0B9}
	EndGlobalSection
EndGlobal
