
Microsoft Visual Studio Solution File, Format Version 12.00
# Visual Studio 15
VisualStudioVersion = 15.0.27130.2027
MinimumVisualStudioVersion = 10.0.40219.1
Project("{FAE04EC0-301F-11D3-BF4B-00C04F79EFBC}") = "DAL", "DAL\DAL.csproj", "{A59B331B-1D7C-4CF2-AA27-4100C576025F}"
EndProject
Project("{FAE04EC0-301F-11D3-BF4B-00C04F79EFBC}") = "BLL", "BLL\BLL.csproj", "{733A0B2F-3EBB-4C92-BA23-0ECFCDDD4915}"
EndProject
Project("{FAE04EC0-301F-11D3-BF4B-00C04F79EFBC}") = "PL", "PL\PL.csproj", "{3C9933C9-4E57-4C2E-BF7A-E03D24272B53}"
EndProject
Project("{FAE04EC0-301F-11D3-BF4B-00C04F79EFBC}") = "ADO.Tests", "ADO.Tests\ADO.Tests.csproj", "{AF1ED993-2834-4E3F-94D0-6DB05C6316A0}"
EndProject
Global
	GlobalSection(SolutionConfigurationPlatforms) = preSolution
		Debug|Any CPU = Debug|Any CPU
		Release|Any CPU = Release|Any CPU
	EndGlobalSection
	GlobalSection(ProjectConfigurationPlatforms) = postSolution
		{A59B331B-1D7C-4CF2-AA27-4100C576025F}.Debug|Any CPU.ActiveCfg = Debug|Any CPU
		{A59B331B-1D7C-4CF2-AA27-4100C576025F}.Debug|Any CPU.Build.0 = Debug|Any CPU
		{A59B331B-1D7C-4CF2-AA27-4100C576025F}.Release|Any CPU.ActiveCfg = Release|Any CPU
		{A59B331B-1D7C-4CF2-AA27-4100C576025F}.Release|Any CPU.Build.0 = Release|Any CPU
		{733A0B2F-3EBB-4C92-BA23-0ECFCDDD4915}.Debug|Any CPU.ActiveCfg = Debug|Any CPU
		{733A0B2F-3EBB-4C92-BA23-0ECFCDDD4915}.Debug|Any CPU.Build.0 = Debug|Any CPU
		{733A0B2F-3EBB-4C92-BA23-0ECFCDDD4915}.Release|Any CPU.ActiveCfg = Release|Any CPU
		{733A0B2F-3EBB-4C92-BA23-0ECFCDDD4915}.Release|Any CPU.Build.0 = Release|Any CPU
		{3C9933C9-4E57-4C2E-BF7A-E03D24272B53}.Debug|Any CPU.ActiveCfg = Debug|Any CPU
		{3C9933C9-4E57-4C2E-BF7A-E03D24272B53}.Debug|Any CPU.Build.0 = Debug|Any CPU
		{3C9933C9-4E57-4C2E-BF7A-E03D24272B53}.Release|Any CPU.ActiveCfg = Release|Any CPU
		{3C9933C9-4E57-4C2E-BF7A-E03D24272B53}.Release|Any CPU.Build.0 = Release|Any CPU
		{AF1ED993-2834-4E3F-94D0-6DB05C6316A0}.Debug|Any CPU.ActiveCfg = Debug|Any CPU
		{AF1ED993-2834-4E3F-94D0-6DB05C6316A0}.Debug|Any CPU.Build.0 = Debug|Any CPU
		{AF1ED993-2834-4E3F-94D0-6DB05C6316A0}.Release|Any CPU.ActiveCfg = Release|Any CPU
		{AF1ED993-2834-4E3F-94D0-6DB05C6316A0}.Release|Any CPU.Build.0 = Release|Any CPU
	EndGlobalSection
	GlobalSection(SolutionProperties) = preSolution
		HideSolutionNode = FALSE
	EndGlobalSection
	GlobalSection(ExtensibilityGlobals) = postSolution
		SolutionGuid = {3426B84F-4474-40D9-BA85-4BF18AFEB0B9}
	EndGlobalSection
EndGlobal
